
Microsoft Visual Studio Solution File, Format Version 12.00
# Visual Studio Version 16
VisualStudioVersion = 16.0.32630.194
MinimumVisualStudioVersion = 10.0.40219.1
Project("{2150E333-8FDC-42A3-9474-1A3956D46DE8}") = "Build", "Build", "{2168A7FE-B2EE-402D-9E1E-E28144FB9C98}"
	ProjectSection(SolutionItems) = preProject
		build-config-ci.json = build-config-ci.json
		build-config.json = build-config.json
		build.cake = build.cake
		build.ps1 = build.ps1
	EndProjectSection
EndProject
Project("{2150E333-8FDC-42A3-9474-1A3956D46DE8}") = "Feature", "Feature", "{728F8E13-619D-4996-9216-4EBCEB0A46CA}"
EndProject
Project("{2150E333-8FDC-42A3-9474-1A3956D46DE8}") = "Foundation", "Foundation", "{3C1D1092-5D2B-4D60-B9FB-5E20B478110D}"
EndProject
Project("{2150E333-8FDC-42A3-9474-1A3956D46DE8}") = "Project", "Project", "{BD535EAA-98BD-4DBB-9D51-E9C895EA73AE}"
EndProject
Project("{2150E333-8FDC-42A3-9474-1A3956D46DE8}") = "Common", "Common", "{010092A1-3991-4951-A788-20EBDAE25E35}"
EndProject
Project("{FAE04EC0-301F-11D3-BF4B-00C04F79EFBC}") = "SUGCON.Demo.Common", "src\Project\Common\code\SUGCON.Demo.Common\SUGCON.Demo.Common.csproj", "{6E4CE82D-302C-4F0D-91BF-C5FA85E216B0}"
EndProject
Global
	GlobalSection(SolutionConfigurationPlatforms) = preSolution
		Debug|Any CPU = Debug|Any CPU
		Release|Any CPU = Release|Any CPU
	EndGlobalSection
	GlobalSection(ProjectConfigurationPlatforms) = postSolution
		{6E4CE82D-302C-4F0D-91BF-C5FA85E216B0}.Debug|Any CPU.ActiveCfg = Debug|Any CPU
		{6E4CE82D-302C-4F0D-91BF-C5FA85E216B0}.Debug|Any CPU.Build.0 = Debug|Any CPU
		{6E4CE82D-302C-4F0D-91BF-C5FA85E216B0}.Release|Any CPU.ActiveCfg = Release|Any CPU
		{6E4CE82D-302C-4F0D-91BF-C5FA85E216B0}.Release|Any CPU.Build.0 = Release|Any CPU
	EndGlobalSection
	GlobalSection(SolutionProperties) = preSolution
		HideSolutionNode = FALSE
	EndGlobalSection
	GlobalSection(NestedProjects) = preSolution
		{010092A1-3991-4951-A788-20EBDAE25E35} = {BD535EAA-98BD-4DBB-9D51-E9C895EA73AE}
		{6E4CE82D-302C-4F0D-91BF-C5FA85E216B0} = {010092A1-3991-4951-A788-20EBDAE25E35}
	EndGlobalSection
	GlobalSection(ExtensibilityGlobals) = postSolution
		SolutionGuid = {9DC5ECE9-F48F-4AF9-8FB8-34BA2D3D0B9E}
	EndGlobalSection
EndGlobal
